
Microsoft Visual Studio Solution File, Format Version 12.00
# Visual Studio Version 16
VisualStudioVersion = 16.0.30114.105
MinimumVisualStudioVersion = 10.0.40219.1
Project("{9092AA53-FB77-4645-B42D-1CCCA6BD08BD}") = "COMP2068Lab1", "COMP2068Lab1\COMP2068Lab1.njsproj", "{63D09CEE-0042-487F-98F4-39AD39037BDB}"
EndProject
Global
	GlobalSection(SolutionConfigurationPlatforms) = preSolution
		Debug|Any CPU = Debug|Any CPU
		Release|Any CPU = Release|Any CPU
	EndGlobalSection
	GlobalSection(ProjectConfigurationPlatforms) = postSolution
		{63D09CEE-0042-487F-98F4-39AD39037BDB}.Debug|Any CPU.ActiveCfg = Debug|Any CPU
		{63D09CEE-0042-487F-98F4-39AD39037BDB}.Debug|Any CPU.Build.0 = Debug|Any CPU
		{63D09CEE-0042-487F-98F4-39AD39037BDB}.Release|Any CPU.ActiveCfg = Release|Any CPU
		{63D09CEE-0042-487F-98F4-39AD39037BDB}.Release|Any CPU.Build.0 = Release|Any CPU
	EndGlobalSection
	GlobalSection(SolutionProperties) = preSolution
		HideSolutionNode = FALSE
	EndGlobalSection
	GlobalSection(ExtensibilityGlobals) = postSolution
		SolutionGuid = {B6C48882-CE21-4460-A248-FFD1F017A118}
	EndGlobalSection
EndGlobal
